
Microsoft Visual Studio Solution File, Format Version 12.00
# Visual Studio Version 17
VisualStudioVersion = 17.6.33723.286
MinimumVisualStudioVersion = 10.0.40219.1
Project("{FAE04EC0-301F-11D3-BF4B-00C04F79EFBC}") = "WebApp", "WebApp\WebApp.csproj", "{675C7FC2-24D2-481C-A2A5-8D772D19520C}"
EndProject
Global
	GlobalSection(SolutionConfigurationPlatforms) = preSolution
		Debug|Any CPU = Debug|Any CPU
		Release|Any CPU = Release|Any CPU
	EndGlobalSection
	GlobalSection(ProjectConfigurationPlatforms) = postSolution
		{675C7FC2-24D2-481C-A2A5-8D772D19520C}.Debug|Any CPU.ActiveCfg = Debug|Any CPU
		{675C7FC2-24D2-481C-A2A5-8D772D19520C}.Debug|Any CPU.Build.0 = Debug|Any CPU
		{675C7FC2-24D2-481C-A2A5-8D772D19520C}.Release|Any CPU.ActiveCfg = Release|Any CPU
		{675C7FC2-24D2-481C-A2A5-8D772D19520C}.Release|Any CPU.Build.0 = Release|Any CPU
	EndGlobalSection
	GlobalSection(SolutionProperties) = preSolution
		HideSolutionNode = FALSE
	EndGlobalSection
	GlobalSection(ExtensibilityGlobals) = postSolution
		SolutionGuid = {F505AA1A-4FC2-4183-BB00-86A777CDC74D}
	EndGlobalSection
EndGlobal
